
Microsoft Visual Studio Solution File, Format Version 12.00
# Visual Studio Version 16
VisualStudioVersion = 16.0.28315.86
MinimumVisualStudioVersion = 10.0.40219.1
Project("{9A19103F-16F7-4668-BE54-9A1E7A4F7556}") = "DeliveryApp", "DeliveryApp\DeliveryApp.csproj", "{69A10455-9A15-45A2-8554-C9B4ED38D5FD}"
EndProject
Project("{FAE04EC0-301F-11D3-BF4B-00C04F79EFBC}") = "DeliveryApp.IOS", "DeliveryApp.IOS\DeliveryApp.IOS.csproj", "{101E3060-8799-4119-8A7A-4F86A01C0C84}"
EndProject
Project("{FAE04EC0-301F-11D3-BF4B-00C04F79EFBC}") = "DeliveryApp.Droid", "DeliveryApp.Droid\DeliveryApp.Droid.csproj", "{64B9CE01-F878-4393-9643-152D5A72E757}"
EndProject
Project("{FAE04EC0-301F-11D3-BF4B-00C04F79EFBC}") = "DeliveryPersonApp.IOS", "DeliveryPersonApp.IOS\DeliveryPersonApp.IOS.csproj", "{567C7B8D-7D87-4975-B208-35A1A40D9A3B}"
EndProject
Project("{FAE04EC0-301F-11D3-BF4B-00C04F79EFBC}") = "DeliveryPersonApp.Droid", "DeliveryPersonApp.Droid\DeliveryPersonApp.Droid.csproj", "{B8F71108-7601-4F88-8F92-DD390DD002CA}"
EndProject
Global
	GlobalSection(SolutionConfigurationPlatforms) = preSolution
		Debug|Any CPU = Debug|Any CPU
		Debug|iPhone = Debug|iPhone
		Debug|iPhoneSimulator = Debug|iPhoneSimulator
		Release|Any CPU = Release|Any CPU
		Release|iPhone = Release|iPhone
		Release|iPhoneSimulator = Release|iPhoneSimulator
	EndGlobalSection
	GlobalSection(ProjectConfigurationPlatforms) = postSolution
		{69A10455-9A15-45A2-8554-C9B4ED38D5FD}.Debug|Any CPU.ActiveCfg = Debug|Any CPU
		{69A10455-9A15-45A2-8554-C9B4ED38D5FD}.Debug|Any CPU.Build.0 = Debug|Any CPU
		{69A10455-9A15-45A2-8554-C9B4ED38D5FD}.Debug|iPhone.ActiveCfg = Debug|Any CPU
		{69A10455-9A15-45A2-8554-C9B4ED38D5FD}.Debug|iPhone.Build.0 = Debug|Any CPU
		{69A10455-9A15-45A2-8554-C9B4ED38D5FD}.Debug|iPhoneSimulator.ActiveCfg = Debug|Any CPU
		{69A10455-9A15-45A2-8554-C9B4ED38D5FD}.Debug|iPhoneSimulator.Build.0 = Debug|Any CPU
		{69A10455-9A15-45A2-8554-C9B4ED38D5FD}.Release|Any CPU.ActiveCfg = Release|Any CPU
		{69A10455-9A15-45A2-8554-C9B4ED38D5FD}.Release|Any CPU.Build.0 = Release|Any CPU
		{69A10455-9A15-45A2-8554-C9B4ED38D5FD}.Release|iPhone.ActiveCfg = Release|Any CPU
		{69A10455-9A15-45A2-8554-C9B4ED38D5FD}.Release|iPhone.Build.0 = Release|Any CPU
		{69A10455-9A15-45A2-8554-C9B4ED38D5FD}.Release|iPhoneSimulator.ActiveCfg = Release|Any CPU
		{69A10455-9A15-45A2-8554-C9B4ED38D5FD}.Release|iPhoneSimulator.Build.0 = Release|Any CPU
		{101E3060-8799-4119-8A7A-4F86A01C0C84}.Debug|Any CPU.ActiveCfg = Debug|iPhone
		{101E3060-8799-4119-8A7A-4F86A01C0C84}.Debug|iPhone.ActiveCfg = Debug|iPhone
		{101E3060-8799-4119-8A7A-4F86A01C0C84}.Debug|iPhone.Build.0 = Debug|iPhone
		{101E3060-8799-4119-8A7A-4F86A01C0C84}.Debug|iPhoneSimulator.ActiveCfg = Debug|iPhoneSimulator
		{101E3060-8799-4119-8A7A-4F86A01C0C84}.Debug|iPhoneSimulator.Build.0 = Debug|iPhoneSimulator
		{101E3060-8799-4119-8A7A-4F86A01C0C84}.Release|Any CPU.ActiveCfg = Release|iPhone
		{101E3060-8799-4119-8A7A-4F86A01C0C84}.Release|iPhone.ActiveCfg = Release|iPhone
		{101E3060-8799-4119-8A7A-4F86A01C0C84}.Release|iPhone.Build.0 = Release|iPhone
		{101E3060-8799-4119-8A7A-4F86A01C0C84}.Release|iPhoneSimulator.ActiveCfg = Release|iPhoneSimulator
		{101E3060-8799-4119-8A7A-4F86A01C0C84}.Release|iPhoneSimulator.Build.0 = Release|iPhoneSimulator
		{64B9CE01-F878-4393-9643-152D5A72E757}.Debug|Any CPU.ActiveCfg = Debug|Any CPU
		{64B9CE01-F878-4393-9643-152D5A72E757}.Debug|Any CPU.Build.0 = Debug|Any CPU
		{64B9CE01-F878-4393-9643-152D5A72E757}.Debug|Any CPU.Deploy.0 = Debug|Any CPU
		{64B9CE01-F878-4393-9643-152D5A72E757}.Debug|iPhone.ActiveCfg = Debug|Any CPU
		{64B9CE01-F878-4393-9643-152D5A72E757}.Debug|iPhone.Build.0 = Debug|Any CPU
		{64B9CE01-F878-4393-9643-152D5A72E757}.Debug|iPhone.Deploy.0 = Debug|Any CPU
		{64B9CE01-F878-4393-9643-152D5A72E757}.Debug|iPhoneSimulator.ActiveCfg = Debug|Any CPU
		{64B9CE01-F878-4393-9643-152D5A72E757}.Debug|iPhoneSimulator.Build.0 = Debug|Any CPU
		{64B9CE01-F878-4393-9643-152D5A72E757}.Debug|iPhoneSimulator.Deploy.0 = Debug|Any CPU
		{64B9CE01-F878-4393-9643-152D5A72E757}.Release|Any CPU.ActiveCfg = Release|Any CPU
		{64B9CE01-F878-4393-9643-152D5A72E757}.Release|Any CPU.Build.0 = Release|Any CPU
		{64B9CE01-F878-4393-9643-152D5A72E757}.Release|Any CPU.Deploy.0 = Release|Any CPU
		{64B9CE01-F878-4393-9643-152D5A72E757}.Release|iPhone.ActiveCfg = Release|Any CPU
		{64B9CE01-F878-4393-9643-152D5A72E757}.Release|iPhone.Build.0 = Release|Any CPU
		{64B9CE01-F878-4393-9643-152D5A72E757}.Release|iPhone.Deploy.0 = Release|Any CPU
		{64B9CE01-F878-4393-9643-152D5A72E757}.Release|iPhoneSimulator.ActiveCfg = Release|Any CPU
		{64B9CE01-F878-4393-9643-152D5A72E757}.Release|iPhoneSimulator.Build.0 = Release|Any CPU
		{64B9CE01-F878-4393-9643-152D5A72E757}.Release|iPhoneSimulator.Deploy.0 = Release|Any CPU
		{567C7B8D-7D87-4975-B208-35A1A40D9A3B}.Debug|Any CPU.ActiveCfg = Debug|iPhone
		{567C7B8D-7D87-4975-B208-35A1A40D9A3B}.Debug|iPhone.ActiveCfg = Debug|iPhone
		{567C7B8D-7D87-4975-B208-35A1A40D9A3B}.Debug|iPhone.Build.0 = Debug|iPhone
		{567C7B8D-7D87-4975-B208-35A1A40D9A3B}.Debug|iPhoneSimulator.ActiveCfg = Debug|iPhoneSimulator
		{567C7B8D-7D87-4975-B208-35A1A40D9A3B}.Debug|iPhoneSimulator.Build.0 = Debug|iPhoneSimulator
		{567C7B8D-7D87-4975-B208-35A1A40D9A3B}.Release|Any CPU.ActiveCfg = Release|iPhone
		{567C7B8D-7D87-4975-B208-35A1A40D9A3B}.Release|iPhone.ActiveCfg = Release|iPhone
		{567C7B8D-7D87-4975-B208-35A1A40D9A3B}.Release|iPhone.Build.0 = Release|iPhone
		{567C7B8D-7D87-4975-B208-35A1A40D9A3B}.Release|iPhoneSimulator.ActiveCfg = Release|iPhoneSimulator
		{567C7B8D-7D87-4975-B208-35A1A40D9A3B}.Release|iPhoneSimulator.Build.0 = Release|iPhoneSimulator
		{B8F71108-7601-4F88-8F92-DD390DD002CA}.Debug|Any CPU.ActiveCfg = Debug|Any CPU
		{B8F71108-7601-4F88-8F92-DD390DD002CA}.Debug|Any CPU.Build.0 = Debug|Any CPU
		{B8F71108-7601-4F88-8F92-DD390DD002CA}.Debug|Any CPU.Deploy.0 = Debug|Any CPU
		{B8F71108-7601-4F88-8F92-DD390DD002CA}.Debug|iPhone.ActiveCfg = Debug|Any CPU
		{B8F71108-7601-4F88-8F92-DD390DD002CA}.Debug|iPhone.Build.0 = Debug|Any CPU
		{B8F71108-7601-4F88-8F92-DD390DD002CA}.Debug|iPhone.Deploy.0 = Debug|Any CPU
		{B8F71108-7601-4F88-8F92-DD390DD002CA}.Debug|iPhoneSimulator.ActiveCfg = Debug|Any CPU
		{B8F71108-7601-4F88-8F92-DD390DD002CA}.Debug|iPhoneSimulator.Build.0 = Debug|Any CPU
		{B8F71108-7601-4F88-8F92-DD390DD002CA}.Debug|iPhoneSimulator.Deploy.0 = Debug|Any CPU
		{B8F71108-7601-4F88-8F92-DD390DD002CA}.Release|Any CPU.ActiveCfg = Release|Any CPU
		{B8F71108-7601-4F88-8F92-DD390DD002CA}.Release|Any CPU.Build.0 = Release|Any CPU
		{B8F71108-7601-4F88-8F92-DD390DD002CA}.Release|Any CPU.Deploy.0 = Release|Any CPU
		{B8F71108-7601-4F88-8F92-DD390DD002CA}.Release|iPhone.ActiveCfg = Release|Any CPU
		{B8F71108-7601-4F88-8F92-DD390DD002CA}.Release|iPhone.Build.0 = Release|Any CPU
		{B8F71108-7601-4F88-8F92-DD390DD002CA}.Release|iPhone.Deploy.0 = Release|Any CPU
		{B8F71108-7601-4F88-8F92-DD390DD002CA}.Release|iPhoneSimulator.ActiveCfg = Release|Any CPU
		{B8F71108-7601-4F88-8F92-DD390DD002CA}.Release|iPhoneSimulator.Build.0 = Release|Any CPU
		{B8F71108-7601-4F88-8F92-DD390DD002CA}.Release|iPhoneSimulator.Deploy.0 = Release|Any CPU
	EndGlobalSection
	GlobalSection(SolutionProperties) = preSolution
		HideSolutionNode = FALSE
	EndGlobalSection
	GlobalSection(ExtensibilityGlobals) = postSolution
		SolutionGuid = {675C569D-BD13-4C4C-9E4F-4C7D544D55E8}
	EndGlobalSection
EndGlobal
